// !$*UTF8*$!
{
	archiveVersion = 1;
	classes = {
	};
	objectVersion = 46;
	objects = {

/* Begin PBXBuildFile section */
		1A88B2641FC3D9C9005C14AE /* Images.xcassets in Resources */ = {isa = PBXBuildFile; fileRef = 1A88B2631FC3D9C9005C14AE /* Images.xcassets */; };
		1AC6FB21180E996B004C840B /* libcocos2d Mac.a in Frameworks */ = {isa = PBXBuildFile; fileRef = 1AC6FAF9180E9839004C840B /* libcocos2d Mac.a */; };
		1AC6FB30180E99EB004C840B /* libcocos2d iOS.a in Frameworks */ = {isa = PBXBuildFile; fileRef = 1AC6FB07180E9839004C840B /* libcocos2d iOS.a */; };
		1AF87B781F6F77F7007BE51C /* AppController.mm in Sources */ = {isa = PBXBuildFile; fileRef = 1AF87B481F6F77D6007BE51C /* AppController.mm */; };
		1AF87B881F6F781D007BE51C /* LaunchScreen.storyboard in Resources */ = {isa = PBXBuildFile; fileRef = 1AF87B591F6F77D6007BE51C /* LaunchScreen.storyboard */; };
		1AF87B891F6F781D007BE51C /* LaunchScreenBackground.png in Resources */ = {isa = PBXBuildFile; fileRef = 1AF87B5A1F6F77D6007BE51C /* LaunchScreenBackground.png */; };
		1AF87B8A1F6F7822007BE51C /* main.m in Sources */ = {isa = PBXBuildFile; fileRef = 1AF87B5B1F6F77D6007BE51C /* main.m */; };
		1AF87B8B1F6F782A007BE51C /* RootViewController.mm in Sources */ = {isa = PBXBuildFile; fileRef = 1AF87B5E1F6F77D6007BE51C /* RootViewController.mm */; };
		1D60589F0D05DD5A006BFB54 /* Foundation.framework in Frameworks */ = {isa = PBXBuildFile; fileRef = 1D30AB110D05D00D00671497 /* Foundation.framework */; };
		1DF5F4E00D08C38300B7A737 /* UIKit.framework in Frameworks */ = {isa = PBXBuildFile; fileRef = 1DF5F4DF0D08C38300B7A737 /* UIKit.framework */; };
		288765A50DF7441C002DB57D /* CoreGraphics.framework in Frameworks */ = {isa = PBXBuildFile; fileRef = 288765A40DF7441C002DB57D /* CoreGraphics.framework */; };
		294D0D641D0D56D500F7F5D4 /* CoreText.framework in Frameworks */ = {isa = PBXBuildFile; fileRef = 294D0D631D0D56D500F7F5D4 /* CoreText.framework */; };
		30C324D82AEC21CD007D4736 /* fonts in Resources */ = {isa = PBXBuildFile; fileRef = 30C324D62AEC21CD007D4736 /* fonts */; };
		30C324D92AEC21CD007D4736 /* res in Resources */ = {isa = PBXBuildFile; fileRef = 30C324D72AEC21CD007D4736 /* res */; };
		503AE0F817EB97AB00D1A890 /* Icon.icns in Resources */ = {isa = PBXBuildFile; fileRef = 503AE0F617EB97AB00D1A890 /* Icon.icns */; };
		503AE10517EB98FF00D1A890 /* main.cpp in Sources */ = {isa = PBXBuildFile; fileRef = 503AE10317EB98FF00D1A890 /* main.cpp */; };
		503AE11B17EB9C5A00D1A890 /* IOKit.framework in Frameworks */ = {isa = PBXBuildFile; fileRef = 503AE11A17EB9C5A00D1A890 /* IOKit.framework */; };
		5087E76317EB910900C73F5D /* Foundation.framework in Frameworks */ = {isa = PBXBuildFile; fileRef = 1D30AB110D05D00D00671497 /* Foundation.framework */; };
		5087E76717EB910900C73F5D /* libz.dylib in Frameworks */ = {isa = PBXBuildFile; fileRef = BF170DB412928DE900B8313A /* libz.dylib */; };
		5087E76817EB910900C73F5D /* QuartzCore.framework in Frameworks */ = {isa = PBXBuildFile; fileRef = BF1C47EA1293683800B63C5D /* QuartzCore.framework */; };
		5087E76917EB910900C73F5D /* OpenAL.framework in Frameworks */ = {isa = PBXBuildFile; fileRef = D44C620B132DFF330009C878 /* OpenAL.framework */; };
		5087E76A17EB910900C73F5D /* AVFoundation.framework in Frameworks */ = {isa = PBXBuildFile; fileRef = D44C620D132DFF430009C878 /* AVFoundation.framework */; };
		5087E76B17EB910900C73F5D /* AudioToolbox.framework in Frameworks */ = {isa = PBXBuildFile; fileRef = D44C620F132DFF4E0009C878 /* AudioToolbox.framework */; };
		5087E78917EB974C00C73F5D /* AppKit.framework in Frameworks */ = {isa = PBXBuildFile; fileRef = 5087E78817EB974C00C73F5D /* AppKit.framework */; };
		5087E78B17EB975400C73F5D /* OpenGL.framework in Frameworks */ = {isa = PBXBuildFile; fileRef = 5087E78A17EB975400C73F5D /* OpenGL.framework */; };
		52B47A471A53D09C004E4C60 /* Security.framework in Frameworks */ = {isa = PBXBuildFile; fileRef = 52B47A461A53D09B004E4C60 /* Security.framework */; };
		8262943E1AAF051F00CB7CF7 /* Security.framework in Frameworks */ = {isa = PBXBuildFile; fileRef = 8262943D1AAF051F00CB7CF7 /* Security.framework */; };
		B726341C2BA3015600FF99A9 /* ensTailNode.cpp in Sources */ = {isa = PBXBuildFile; fileRef = B726340A2BA3015600FF99A9 /* ensTailNode.cpp */; };
		B726341D2BA3015600FF99A9 /* ensMath.cpp in Sources */ = {isa = PBXBuildFile; fileRef = B726340F2BA3015600FF99A9 /* ensMath.cpp */; };
		B726341E2BA3015600FF99A9 /* ensDefine.cpp in Sources */ = {isa = PBXBuildFile; fileRef = B72634102BA3015600FF99A9 /* ensDefine.cpp */; };
		B726341F2BA3015600FF99A9 /* ensFunc.cpp in Sources */ = {isa = PBXBuildFile; fileRef = B72634122BA3015600FF99A9 /* ensFunc.cpp */; };
		B72634202BA3015600FF99A9 /* ensIndexVBO.cpp in Sources */ = {isa = PBXBuildFile; fileRef = B72634132BA3015600FF99A9 /* ensIndexVBO.cpp */; };
		B72634212BA3015600FF99A9 /* ensMesh.cpp in Sources */ = {isa = PBXBuildFile; fileRef = B72634142BA3015600FF99A9 /* ensMesh.cpp */; };
		B72634222BA3015600FF99A9 /* ensGLProgramWithUnifos.cpp in Sources */ = {isa = PBXBuildFile; fileRef = B72634152BA3015600FF99A9 /* ensGLProgramWithUnifos.cpp */; };
		B72634232BA3015600FF99A9 /* ensSimpleClasses.cpp in Sources */ = {isa = PBXBuildFile; fileRef = B72634192BA3015600FF99A9 /* ensSimpleClasses.cpp */; };
		B73C6AC82BC52CC800F263DD /* ensRippleNode.cpp in Sources */ = {isa = PBXBuildFile; fileRef = B73C6AC62BC52CC800F263DD /* ensRippleNode.cpp */; };
		B746DDFD2B3A706A00428967 /* BPChooseWorld.cpp in Sources */ = {isa = PBXBuildFile; fileRef = B746DDD32B3A706A00428967 /* BPChooseWorld.cpp */; };
		B746DDFE2B3A706A00428967 /* BPChooseWorld.cpp in Sources */ = {isa = PBXBuildFile; fileRef = B746DDD32B3A706A00428967 /* BPChooseWorld.cpp */; };
		B746DE012B3A706A00428967 /* WaitingLayer.cpp in Sources */ = {isa = PBXBuildFile; fileRef = B746DDD72B3A706A00428967 /* WaitingLayer.cpp */; };
		B746DE022B3A706A00428967 /* WaitingLayer.cpp in Sources */ = {isa = PBXBuildFile; fileRef = B746DDD72B3A706A00428967 /* WaitingLayer.cpp */; };
		B746DE052B3A706A00428967 /* BPLeaderboardLayer.cpp in Sources */ = {isa = PBXBuildFile; fileRef = B746DDDB2B3A706A00428967 /* BPLeaderboardLayer.cpp */; };
		B746DE062B3A706A00428967 /* BPLeaderboardLayer.cpp in Sources */ = {isa = PBXBuildFile; fileRef = B746DDDB2B3A706A00428967 /* BPLeaderboardLayer.cpp */; };
		B746DE092B3A706A00428967 /* BPEndLayer.cpp in Sources */ = {isa = PBXBuildFile; fileRef = B746DDE12B3A706A00428967 /* BPEndLayer.cpp */; };
		B746DE0A2B3A706A00428967 /* BPEndLayer.cpp in Sources */ = {isa = PBXBuildFile; fileRef = B746DDE12B3A706A00428967 /* BPEndLayer.cpp */; };
		B746DE0F2B3A706A00428967 /* SFGameScene.cpp in Sources */ = {isa = PBXBuildFile; fileRef = B746DDE62B3A706A00428967 /* SFGameScene.cpp */; };
		B746DE102B3A706A00428967 /* SFGameScene.cpp in Sources */ = {isa = PBXBuildFile; fileRef = B746DDE62B3A706A00428967 /* SFGameScene.cpp */; };
		B746DE112B3A706A00428967 /* BPMainMenuScene.cpp in Sources */ = {isa = PBXBuildFile; fileRef = B746DDE82B3A706A00428967 /* BPMainMenuScene.cpp */; };
		B746DE122B3A706A00428967 /* BPMainMenuScene.cpp in Sources */ = {isa = PBXBuildFile; fileRef = B746DDE82B3A706A00428967 /* BPMainMenuScene.cpp */; };
		B746DE132B3A706A00428967 /* BPGameManager.cpp in Sources */ = {isa = PBXBuildFile; fileRef = B746DDEF2B3A706A00428967 /* BPGameManager.cpp */; };
		B746DE142B3A706A00428967 /* BPGameManager.cpp in Sources */ = {isa = PBXBuildFile; fileRef = B746DDEF2B3A706A00428967 /* BPGameManager.cpp */; };
		B746DE192B3A706A00428967 /* AppDelegate.cpp in Sources */ = {isa = PBXBuildFile; fileRef = B746DDF32B3A706A00428967 /* AppDelegate.cpp */; };
		B746DE1A2B3A706A00428967 /* AppDelegate.cpp in Sources */ = {isa = PBXBuildFile; fileRef = B746DDF32B3A706A00428967 /* AppDelegate.cpp */; };
		B746DE1B2B3A706A00428967 /* BPSoundManager.cpp in Sources */ = {isa = PBXBuildFile; fileRef = B746DDF72B3A706A00428967 /* BPSoundManager.cpp */; };
		B746DE1C2B3A706A00428967 /* BPSoundManager.cpp in Sources */ = {isa = PBXBuildFile; fileRef = B746DDF72B3A706A00428967 /* BPSoundManager.cpp */; };
		B746DE1D2B3A706A00428967 /* BPAnimationManager.cpp in Sources */ = {isa = PBXBuildFile; fileRef = B746DDF92B3A706A00428967 /* BPAnimationManager.cpp */; };
		B746DE1E2B3A706A00428967 /* BPAnimationManager.cpp in Sources */ = {isa = PBXBuildFile; fileRef = B746DDF92B3A706A00428967 /* BPAnimationManager.cpp */; };
		B746DE1F2B3A706A00428967 /* BPHelperManager.cpp in Sources */ = {isa = PBXBuildFile; fileRef = B746DDFC2B3A706A00428967 /* BPHelperManager.cpp */; };
		B746DE202B3A706A00428967 /* BPHelperManager.cpp in Sources */ = {isa = PBXBuildFile; fileRef = B746DDFC2B3A706A00428967 /* BPHelperManager.cpp */; };
		B74AABC82BCCC5DC00061324 /* BPChooseCharacter.cpp in Sources */ = {isa = PBXBuildFile; fileRef = B74AABC72BCCC5DC00061324 /* BPChooseCharacter.cpp */; };
		B74AABCB2BCCC68E00061324 /* BPResetLayer.cpp in Sources */ = {isa = PBXBuildFile; fileRef = B74AABC92BCCC68E00061324 /* BPResetLayer.cpp */; };
		BF171245129291EC00B8313A /* OpenGLES.framework in Frameworks */ = {isa = PBXBuildFile; fileRef = BF170DB012928DE900B8313A /* OpenGLES.framework */; };
		BF1712471292920000B8313A /* libz.dylib in Frameworks */ = {isa = PBXBuildFile; fileRef = BF170DB412928DE900B8313A /* libz.dylib */; };
		BF1C47F01293687400B63C5D /* QuartzCore.framework in Frameworks */ = {isa = PBXBuildFile; fileRef = BF1C47EA1293683800B63C5D /* QuartzCore.framework */; };
		D44C620C132DFF330009C878 /* OpenAL.framework in Frameworks */ = {isa = PBXBuildFile; fileRef = D44C620B132DFF330009C878 /* OpenAL.framework */; };
		D44C620E132DFF430009C878 /* AVFoundation.framework in Frameworks */ = {isa = PBXBuildFile; fileRef = D44C620D132DFF430009C878 /* AVFoundation.framework */; };
		D44C6210132DFF4E0009C878 /* AudioToolbox.framework in Frameworks */ = {isa = PBXBuildFile; fileRef = D44C620F132DFF4E0009C878 /* AudioToolbox.framework */; };
		D6B0611B1803AB670077942B /* CoreMotion.framework in Frameworks */ = {isa = PBXBuildFile; fileRef = D6B0611A1803AB670077942B /* CoreMotion.framework */; };
		ED545A7C1B68A1F400C3958E /* libiconv.dylib in Frameworks */ = {isa = PBXBuildFile; fileRef = ED545A7B1B68A1F400C3958E /* libiconv.dylib */; };
		ED545A7E1B68A1FA00C3958E /* libiconv.dylib in Frameworks */ = {isa = PBXBuildFile; fileRef = ED545A7D1B68A1FA00C3958E /* libiconv.dylib */; };
/* End PBXBuildFile section */

/* Begin PBXContainerItemProxy section */
		1A7533E21F6F75F6007E8E6F /* PBXContainerItemProxy */ = {
			isa = PBXContainerItemProxy;
			containerPortal = 1AC6FAE5180E9839004C840B /* cocos2d_libs.xcodeproj */;
			proxyType = 2;
			remoteGlobalIDString = 507B40FD1C31BDD30067B53E;
			remoteInfo = "libcocos2d tvOS";
		};
		1AC6FAF8180E9839004C840B /* PBXContainerItemProxy */ = {
			isa = PBXContainerItemProxy;
			containerPortal = 1AC6FAE5180E9839004C840B /* cocos2d_libs.xcodeproj */;
			proxyType = 2;
			remoteGlobalIDString = 1551A33F158F2AB200E66CFE;
			remoteInfo = "cocos2dx Mac";
		};
		1AC6FB06180E9839004C840B /* PBXContainerItemProxy */ = {
			isa = PBXContainerItemProxy;
			containerPortal = 1AC6FAE5180E9839004C840B /* cocos2d_libs.xcodeproj */;
			proxyType = 2;
			remoteGlobalIDString = A07A4D641783777C0073F6A7;
			remoteInfo = "cocos2dx iOS";
		};
		1AC6FB15180E9959004C840B /* PBXContainerItemProxy */ = {
			isa = PBXContainerItemProxy;
			containerPortal = 1AC6FAE5180E9839004C840B /* cocos2d_libs.xcodeproj */;
			proxyType = 1;
			remoteGlobalIDString = 1551A33E158F2AB200E66CFE;
			remoteInfo = "cocos2dx Mac";
		};
		1AC6FB24180E99E1004C840B /* PBXContainerItemProxy */ = {
			isa = PBXContainerItemProxy;
			containerPortal = 1AC6FAE5180E9839004C840B /* cocos2d_libs.xcodeproj */;
			proxyType = 1;
			remoteGlobalIDString = A07A4C241783777C0073F6A7;
			remoteInfo = "cocos2dx iOS";
		};
/* End PBXContainerItemProxy section */

/* Begin PBXFileReference section */
		1A88B2631FC3D9C9005C14AE /* Images.xcassets */ = {isa = PBXFileReference; lastKnownFileType = folder.assetcatalog; path = Images.xcassets; sourceTree = "<group>"; };
		1AC6FAE5180E9839004C840B /* cocos2d_libs.xcodeproj */ = {isa = PBXFileReference; lastKnownFileType = "wrapper.pb-project"; name = cocos2d_libs.xcodeproj; path = ../cocos2d/build/cocos2d_libs.xcodeproj; sourceTree = "<group>"; };
		1ACB3243164770DE00914215 /* libcurl.a */ = {isa = PBXFileReference; lastKnownFileType = archive.ar; name = libcurl.a; path = ../../cocos2dx/platform/third_party/ios/libraries/libcurl.a; sourceTree = "<group>"; };
		1AF87B471F6F77D6007BE51C /* AppController.h */ = {isa = PBXFileReference; lastKnownFileType = sourcecode.c.h; path = AppController.h; sourceTree = "<group>"; };
		1AF87B481F6F77D6007BE51C /* AppController.mm */ = {isa = PBXFileReference; lastKnownFileType = sourcecode.cpp.objcpp; path = AppController.mm; sourceTree = "<group>"; };
		1AF87B581F6F77D6007BE51C /* Info.plist */ = {isa = PBXFileReference; lastKnownFileType = text.plist.xml; path = Info.plist; sourceTree = "<group>"; };
		1AF87B591F6F77D6007BE51C /* LaunchScreen.storyboard */ = {isa = PBXFileReference; lastKnownFileType = file.storyboard; path = LaunchScreen.storyboard; sourceTree = "<group>"; };
		1AF87B5A1F6F77D6007BE51C /* LaunchScreenBackground.png */ = {isa = PBXFileReference; lastKnownFileType = image.png; path = LaunchScreenBackground.png; sourceTree = "<group>"; };
		1AF87B5B1F6F77D6007BE51C /* main.m */ = {isa = PBXFileReference; lastKnownFileType = sourcecode.c.objc; path = main.m; sourceTree = "<group>"; };
		1AF87B5C1F6F77D6007BE51C /* Prefix.pch */ = {isa = PBXFileReference; lastKnownFileType = sourcecode.c.h; path = Prefix.pch; sourceTree = "<group>"; };
		1AF87B5D1F6F77D6007BE51C /* RootViewController.h */ = {isa = PBXFileReference; lastKnownFileType = sourcecode.c.h; path = RootViewController.h; sourceTree = "<group>"; };
		1AF87B5E1F6F77D6007BE51C /* RootViewController.mm */ = {isa = PBXFileReference; lastKnownFileType = sourcecode.cpp.objcpp; path = RootViewController.mm; sourceTree = "<group>"; };
		1D30AB110D05D00D00671497 /* Foundation.framework */ = {isa = PBXFileReference; lastKnownFileType = wrapper.framework; name = Foundation.framework; path = System/Library/Frameworks/Foundation.framework; sourceTree = SDKROOT; };
		1D6058910D05DD3D006BFB54 /* HelloWord-mobile.app */ = {isa = PBXFileReference; explicitFileType = wrapper.application; includeInIndex = 0; path = "HelloWord-mobile.app"; sourceTree = BUILT_PRODUCTS_DIR; };
		1DF5F4DF0D08C38300B7A737 /* UIKit.framework */ = {isa = PBXFileReference; lastKnownFileType = wrapper.framework; name = UIKit.framework; path = System/Library/Frameworks/UIKit.framework; sourceTree = SDKROOT; };
		288765A40DF7441C002DB57D /* CoreGraphics.framework */ = {isa = PBXFileReference; lastKnownFileType = wrapper.framework; name = CoreGraphics.framework; path = System/Library/Frameworks/CoreGraphics.framework; sourceTree = SDKROOT; };
		294D0D631D0D56D500F7F5D4 /* CoreText.framework */ = {isa = PBXFileReference; lastKnownFileType = wrapper.framework; name = CoreText.framework; path = Platforms/iPhoneOS.platform/Developer/SDKs/iPhoneOS.sdk/System/Library/Frameworks/CoreText.framework; sourceTree = DEVELOPER_DIR; };
		30C324D62AEC21CD007D4736 /* fonts */ = {isa = PBXFileReference; lastKnownFileType = folder; path = fonts; sourceTree = "<group>"; };
		30C324D72AEC21CD007D4736 /* res */ = {isa = PBXFileReference; lastKnownFileType = folder; path = res; sourceTree = "<group>"; };
		503AE0F617EB97AB00D1A890 /* Icon.icns */ = {isa = PBXFileReference; lastKnownFileType = image.icns; path = Icon.icns; sourceTree = "<group>"; };
		503AE0F717EB97AB00D1A890 /* Info.plist */ = {isa = PBXFileReference; fileEncoding = 4; lastKnownFileType = text.plist.xml; path = Info.plist; sourceTree = "<group>"; };
		503AE10317EB98FF00D1A890 /* main.cpp */ = {isa = PBXFileReference; fileEncoding = 4; lastKnownFileType = sourcecode.cpp.cpp; name = main.cpp; path = mac/main.cpp; sourceTree = "<group>"; };
		503AE10417EB98FF00D1A890 /* Prefix.pch */ = {isa = PBXFileReference; fileEncoding = 4; lastKnownFileType = sourcecode.c.h; name = Prefix.pch; path = mac/Prefix.pch; sourceTree = "<group>"; };
		503AE11117EB99EE00D1A890 /* libcurl.dylib */ = {isa = PBXFileReference; lastKnownFileType = "compiled.mach-o.dylib"; name = libcurl.dylib; path = usr/lib/libcurl.dylib; sourceTree = SDKROOT; };
		503AE11A17EB9C5A00D1A890 /* IOKit.framework */ = {isa = PBXFileReference; lastKnownFileType = wrapper.framework; name = IOKit.framework; path = System/Library/Frameworks/IOKit.framework; sourceTree = SDKROOT; };
		5087E76F17EB910900C73F5D /* HelloWord-desktop.app */ = {isa = PBXFileReference; explicitFileType = wrapper.application; includeInIndex = 0; path = "HelloWord-desktop.app"; sourceTree = BUILT_PRODUCTS_DIR; };
		5087E78817EB974C00C73F5D /* AppKit.framework */ = {isa = PBXFileReference; lastKnownFileType = wrapper.framework; name = AppKit.framework; path = System/Library/Frameworks/AppKit.framework; sourceTree = SDKROOT; };
		5087E78A17EB975400C73F5D /* OpenGL.framework */ = {isa = PBXFileReference; lastKnownFileType = wrapper.framework; name = OpenGL.framework; path = System/Library/Frameworks/OpenGL.framework; sourceTree = SDKROOT; };
		52B47A461A53D09B004E4C60 /* Security.framework */ = {isa = PBXFileReference; lastKnownFileType = wrapper.framework; name = Security.framework; path = Platforms/iPhoneOS.platform/Developer/SDKs/iPhoneOS.sdk/System/Library/Frameworks/Security.framework; sourceTree = DEVELOPER_DIR; };
		8262943D1AAF051F00CB7CF7 /* Security.framework */ = {isa = PBXFileReference; lastKnownFileType = wrapper.framework; name = Security.framework; path = System/Library/Frameworks/Security.framework; sourceTree = SDKROOT; };
		B726340A2BA3015600FF99A9 /* ensTailNode.cpp */ = {isa = PBXFileReference; fileEncoding = 4; lastKnownFileType = sourcecode.cpp.cpp; path = ensTailNode.cpp; sourceTree = "<group>"; };
		B726340B2BA3015600FF99A9 /* ensTailNode.h */ = {isa = PBXFileReference; fileEncoding = 4; lastKnownFileType = sourcecode.c.h; path = ensTailNode.h; sourceTree = "<group>"; };
		B726340D2BA3015600FF99A9 /* ensIndexVBO.h */ = {isa = PBXFileReference; fileEncoding = 4; lastKnownFileType = sourcecode.c.h; path = ensIndexVBO.h; sourceTree = "<group>"; };
		B726340E2BA3015600FF99A9 /* ensMesh.h */ = {isa = PBXFileReference; fileEncoding = 4; lastKnownFileType = sourcecode.c.h; path = ensMesh.h; sourceTree = "<group>"; };
		B726340F2BA3015600FF99A9 /* ensMath.cpp */ = {isa = PBXFileReference; fileEncoding = 4; lastKnownFileType = sourcecode.cpp.cpp; path = ensMath.cpp; sourceTree = "<group>"; };
		B72634102BA3015600FF99A9 /* ensDefine.cpp */ = {isa = PBXFileReference; fileEncoding = 4; lastKnownFileType = sourcecode.cpp.cpp; path = ensDefine.cpp; sourceTree = "<group>"; };
		B72634112BA3015600FF99A9 /* ensDefine.h */ = {isa = PBXFileReference; fileEncoding = 4; lastKnownFileType = sourcecode.c.h; path = ensDefine.h; sourceTree = "<group>"; };
		B72634122BA3015600FF99A9 /* ensFunc.cpp */ = {isa = PBXFileReference; fileEncoding = 4; lastKnownFileType = sourcecode.cpp.cpp; path = ensFunc.cpp; sourceTree = "<group>"; };
		B72634132BA3015600FF99A9 /* ensIndexVBO.cpp */ = {isa = PBXFileReference; fileEncoding = 4; lastKnownFileType = sourcecode.cpp.cpp; path = ensIndexVBO.cpp; sourceTree = "<group>"; };
		B72634142BA3015600FF99A9 /* ensMesh.cpp */ = {isa = PBXFileReference; fileEncoding = 4; lastKnownFileType = sourcecode.cpp.cpp; path = ensMesh.cpp; sourceTree = "<group>"; };
		B72634152BA3015600FF99A9 /* ensGLProgramWithUnifos.cpp */ = {isa = PBXFileReference; fileEncoding = 4; lastKnownFileType = sourcecode.cpp.cpp; path = ensGLProgramWithUnifos.cpp; sourceTree = "<group>"; };
		B72634162BA3015600FF99A9 /* ensFunc.h */ = {isa = PBXFileReference; fileEncoding = 4; lastKnownFileType = sourcecode.c.h; path = ensFunc.h; sourceTree = "<group>"; };
		B72634172BA3015600FF99A9 /* ensSimpleClasses.h */ = {isa = PBXFileReference; fileEncoding = 4; lastKnownFileType = sourcecode.c.h; path = ensSimpleClasses.h; sourceTree = "<group>"; };
		B72634182BA3015600FF99A9 /* ensGLProgramWithUnifos.h */ = {isa = PBXFileReference; fileEncoding = 4; lastKnownFileType = sourcecode.c.h; path = ensGLProgramWithUnifos.h; sourceTree = "<group>"; };
		B72634192BA3015600FF99A9 /* ensSimpleClasses.cpp */ = {isa = PBXFileReference; fileEncoding = 4; lastKnownFileType = sourcecode.cpp.cpp; path = ensSimpleClasses.cpp; sourceTree = "<group>"; };
		B726341A2BA3015600FF99A9 /* ensMath.h */ = {isa = PBXFileReference; fileEncoding = 4; lastKnownFileType = sourcecode.c.h; path = ensMath.h; sourceTree = "<group>"; };
		B726341B2BA3015600FF99A9 /* ensCommon.h */ = {isa = PBXFileReference; fileEncoding = 4; lastKnownFileType = sourcecode.c.h; path = ensCommon.h; sourceTree = "<group>"; };
		B73C6AC62BC52CC800F263DD /* ensRippleNode.cpp */ = {isa = PBXFileReference; fileEncoding = 4; lastKnownFileType = sourcecode.cpp.cpp; path = ensRippleNode.cpp; sourceTree = "<group>"; };
		B73C6AC72BC52CC800F263DD /* ensRippleNode.h */ = {isa = PBXFileReference; fileEncoding = 4; lastKnownFileType = sourcecode.c.h; path = ensRippleNode.h; sourceTree = "<group>"; };
		B746DDD32B3A706A00428967 /* BPChooseWorld.cpp */ = {isa = PBXFileReference; fileEncoding = 4; lastKnownFileType = sourcecode.cpp.cpp; path = BPChooseWorld.cpp; sourceTree = "<group>"; };
		B746DDD42B3A706A00428967 /* WaitingLayer.h */ = {isa = PBXFileReference; fileEncoding = 4; lastKnownFileType = sourcecode.c.h; path = WaitingLayer.h; sourceTree = "<group>"; };
		B746DDD62B3A706A00428967 /* BPChooseWorld.h */ = {isa = PBXFileReference; fileEncoding = 4; lastKnownFileType = sourcecode.c.h; path = BPChooseWorld.h; sourceTree = "<group>"; };
		B746DDD72B3A706A00428967 /* WaitingLayer.cpp */ = {isa = PBXFileReference; fileEncoding = 4; lastKnownFileType = sourcecode.cpp.cpp; path = WaitingLayer.cpp; sourceTree = "<group>"; };
		B746DDDA2B3A706A00428967 /* BPEndLayer.hpp */ = {isa = PBXFileReference; fileEncoding = 4; lastKnownFileType = sourcecode.cpp.h; path = BPEndLayer.hpp; sourceTree = "<group>"; };
		B746DDDB2B3A706A00428967 /* BPLeaderboardLayer.cpp */ = {isa = PBXFileReference; fileEncoding = 4; lastKnownFileType = sourcecode.cpp.cpp; path = BPLeaderboardLayer.cpp; sourceTree = "<group>"; };
		B746DDE02B3A706A00428967 /* BPLeaderboardLayer.h */ = {isa = PBXFileReference; fileEncoding = 4; lastKnownFileType = sourcecode.c.h; path = BPLeaderboardLayer.h; sourceTree = "<group>"; };
		B746DDE12B3A706A00428967 /* BPEndLayer.cpp */ = {isa = PBXFileReference; fileEncoding = 4; lastKnownFileType = sourcecode.cpp.cpp; path = BPEndLayer.cpp; sourceTree = "<group>"; };
		B746DDE62B3A706A00428967 /* SFGameScene.cpp */ = {isa = PBXFileReference; fileEncoding = 4; lastKnownFileType = sourcecode.cpp.cpp; path = SFGameScene.cpp; sourceTree = "<group>"; };
		B746DDE72B3A706A00428967 /* BPMainMenuScene.h */ = {isa = PBXFileReference; fileEncoding = 4; lastKnownFileType = sourcecode.c.h; path = BPMainMenuScene.h; sourceTree = "<group>"; };
		B746DDE82B3A706A00428967 /* BPMainMenuScene.cpp */ = {isa = PBXFileReference; fileEncoding = 4; lastKnownFileType = sourcecode.cpp.cpp; path = BPMainMenuScene.cpp; sourceTree = "<group>"; };
		B746DDE92B3A706A00428967 /* SFGameScene.h */ = {isa = PBXFileReference; fileEncoding = 4; lastKnownFileType = sourcecode.c.h; path = SFGameScene.h; sourceTree = "<group>"; };
		B746DDEA2B3A706A00428967 /* AppDelegate.h */ = {isa = PBXFileReference; fileEncoding = 4; lastKnownFileType = sourcecode.c.h; path = AppDelegate.h; sourceTree = "<group>"; };
		B746DDEB2B3A706A00428967 /* BPdefinition.h */ = {isa = PBXFileReference; fileEncoding = 4; lastKnownFileType = sourcecode.c.h; path = BPdefinition.h; sourceTree = "<group>"; };
		B746DDEF2B3A706A00428967 /* BPGameManager.cpp */ = {isa = PBXFileReference; fileEncoding = 4; lastKnownFileType = sourcecode.cpp.cpp; path = BPGameManager.cpp; sourceTree = "<group>"; };
		B746DDF02B3A706A00428967 /* BPGameManager.h */ = {isa = PBXFileReference; fileEncoding = 4; lastKnownFileType = sourcecode.c.h; path = BPGameManager.h; sourceTree = "<group>"; };
		B746DDF32B3A706A00428967 /* AppDelegate.cpp */ = {isa = PBXFileReference; fileEncoding = 4; lastKnownFileType = sourcecode.cpp.cpp; path = AppDelegate.cpp; sourceTree = "<group>"; };
		B746DDF52B3A706A00428967 /* BaseSingleton.h */ = {isa = PBXFileReference; fileEncoding = 4; lastKnownFileType = sourcecode.c.h; path = BaseSingleton.h; sourceTree = "<group>"; };
		B746DDF72B3A706A00428967 /* BPSoundManager.cpp */ = {isa = PBXFileReference; fileEncoding = 4; lastKnownFileType = sourcecode.cpp.cpp; path = BPSoundManager.cpp; sourceTree = "<group>"; };
		B746DDF82B3A706A00428967 /* BPHelperManager.h */ = {isa = PBXFileReference; fileEncoding = 4; lastKnownFileType = sourcecode.c.h; path = BPHelperManager.h; sourceTree = "<group>"; };
		B746DDF92B3A706A00428967 /* BPAnimationManager.cpp */ = {isa = PBXFileReference; fileEncoding = 4; lastKnownFileType = sourcecode.cpp.cpp; path = BPAnimationManager.cpp; sourceTree = "<group>"; };
		B746DDFA2B3A706A00428967 /* BPSoundManager.h */ = {isa = PBXFileReference; fileEncoding = 4; lastKnownFileType = sourcecode.c.h; path = BPSoundManager.h; sourceTree = "<group>"; };
		B746DDFB2B3A706A00428967 /* BPAnimationManager.h */ = {isa = PBXFileReference; fileEncoding = 4; lastKnownFileType = sourcecode.c.h; path = BPAnimationManager.h; sourceTree = "<group>"; };
		B746DDFC2B3A706A00428967 /* BPHelperManager.cpp */ = {isa = PBXFileReference; fileEncoding = 4; lastKnownFileType = sourcecode.cpp.cpp; path = BPHelperManager.cpp; sourceTree = "<group>"; };
		B74AABC62BCCC5DC00061324 /* BPChooseCharacter.h */ = {isa = PBXFileReference; fileEncoding = 4; lastKnownFileType = sourcecode.c.h; path = BPChooseCharacter.h; sourceTree = "<group>"; };
		B74AABC72BCCC5DC00061324 /* BPChooseCharacter.cpp */ = {isa = PBXFileReference; fileEncoding = 4; lastKnownFileType = sourcecode.cpp.cpp; path = BPChooseCharacter.cpp; sourceTree = "<group>"; };
		B74AABC92BCCC68E00061324 /* BPResetLayer.cpp */ = {isa = PBXFileReference; fileEncoding = 4; lastKnownFileType = sourcecode.cpp.cpp; path = BPResetLayer.cpp; sourceTree = "<group>"; };
		B74AABCA2BCCC68E00061324 /* BPResetLayer.h */ = {isa = PBXFileReference; fileEncoding = 4; lastKnownFileType = sourcecode.c.h; path = BPResetLayer.h; sourceTree = "<group>"; };
		BF170DB012928DE900B8313A /* OpenGLES.framework */ = {isa = PBXFileReference; lastKnownFileType = wrapper.framework; name = OpenGLES.framework; path = System/Library/Frameworks/OpenGLES.framework; sourceTree = SDKROOT; };
		BF170DB412928DE900B8313A /* libz.dylib */ = {isa = PBXFileReference; lastKnownFileType = "compiled.mach-o.dylib"; name = libz.dylib; path = usr/lib/libz.dylib; sourceTree = SDKROOT; };
		BF1C47EA1293683800B63C5D /* QuartzCore.framework */ = {isa = PBXFileReference; lastKnownFileType = wrapper.framework; name = QuartzCore.framework; path = System/Library/Frameworks/QuartzCore.framework; sourceTree = SDKROOT; };
		D44C620B132DFF330009C878 /* OpenAL.framework */ = {isa = PBXFileReference; lastKnownFileType = wrapper.framework; name = OpenAL.framework; path = System/Library/Frameworks/OpenAL.framework; sourceTree = SDKROOT; };
		D44C620D132DFF430009C878 /* AVFoundation.framework */ = {isa = PBXFileReference; lastKnownFileType = wrapper.framework; name = AVFoundation.framework; path = System/Library/Frameworks/AVFoundation.framework; sourceTree = SDKROOT; };
		D44C620F132DFF4E0009C878 /* AudioToolbox.framework */ = {isa = PBXFileReference; lastKnownFileType = wrapper.framework; name = AudioToolbox.framework; path = System/Library/Frameworks/AudioToolbox.framework; sourceTree = SDKROOT; };
		D6B0611A1803AB670077942B /* CoreMotion.framework */ = {isa = PBXFileReference; lastKnownFileType = wrapper.framework; name = CoreMotion.framework; path = Platforms/iPhoneOS.platform/Developer/SDKs/iPhoneOS.sdk/System/Library/Frameworks/CoreMotion.framework; sourceTree = DEVELOPER_DIR; };
		ED545A7B1B68A1F400C3958E /* libiconv.dylib */ = {isa = PBXFileReference; lastKnownFileType = "compiled.mach-o.dylib"; name = libiconv.dylib; path = Platforms/iPhoneOS.platform/Developer/SDKs/iPhoneOS.sdk/usr/lib/libiconv.dylib; sourceTree = DEVELOPER_DIR; };
		ED545A7D1B68A1FA00C3958E /* libiconv.dylib */ = {isa = PBXFileReference; lastKnownFileType = "compiled.mach-o.dylib"; name = libiconv.dylib; path = usr/lib/libiconv.dylib; sourceTree = SDKROOT; };
/* End PBXFileReference section */

/* Begin PBXFrameworksBuildPhase section */
		1D60588F0D05DD3D006BFB54 /* Frameworks */ = {
			isa = PBXFrameworksBuildPhase;
			buildActionMask = 2147483647;
			files = (
				294D0D641D0D56D500F7F5D4 /* CoreText.framework in Frameworks */,
				ED545A7C1B68A1F400C3958E /* libiconv.dylib in Frameworks */,
				52B47A471A53D09C004E4C60 /* Security.framework in Frameworks */,
				1AC6FB30180E99EB004C840B /* libcocos2d iOS.a in Frameworks */,
				D6B0611B1803AB670077942B /* CoreMotion.framework in Frameworks */,
				1D60589F0D05DD5A006BFB54 /* Foundation.framework in Frameworks */,
				1DF5F4E00D08C38300B7A737 /* UIKit.framework in Frameworks */,
				288765A50DF7441C002DB57D /* CoreGraphics.framework in Frameworks */,
				BF171245129291EC00B8313A /* OpenGLES.framework in Frameworks */,
				BF1712471292920000B8313A /* libz.dylib in Frameworks */,
				BF1C47F01293687400B63C5D /* QuartzCore.framework in Frameworks */,
				D44C620C132DFF330009C878 /* OpenAL.framework in Frameworks */,
				D44C620E132DFF430009C878 /* AVFoundation.framework in Frameworks */,
				D44C6210132DFF4E0009C878 /* AudioToolbox.framework in Frameworks */,
			);
			runOnlyForDeploymentPostprocessing = 0;
		};
		5087E75C17EB910900C73F5D /* Frameworks */ = {
			isa = PBXFrameworksBuildPhase;
			buildActionMask = 2147483647;
			files = (
				ED545A7E1B68A1FA00C3958E /* libiconv.dylib in Frameworks */,
				1AC6FB21180E996B004C840B /* libcocos2d Mac.a in Frameworks */,
				5087E76717EB910900C73F5D /* libz.dylib in Frameworks */,
				8262943E1AAF051F00CB7CF7 /* Security.framework in Frameworks */,
				503AE11B17EB9C5A00D1A890 /* IOKit.framework in Frameworks */,
				5087E78B17EB975400C73F5D /* OpenGL.framework in Frameworks */,
				5087E78917EB974C00C73F5D /* AppKit.framework in Frameworks */,
				5087E76317EB910900C73F5D /* Foundation.framework in Frameworks */,
				5087E76817EB910900C73F5D /* QuartzCore.framework in Frameworks */,
				5087E76917EB910900C73F5D /* OpenAL.framework in Frameworks */,
				5087E76A17EB910900C73F5D /* AVFoundation.framework in Frameworks */,
				5087E76B17EB910900C73F5D /* AudioToolbox.framework in Frameworks */,
			);
			runOnlyForDeploymentPostprocessing = 0;
		};
/* End PBXFrameworksBuildPhase section */

/* Begin PBXGroup section */
		19C28FACFE9D520D11CA2CBB /* Products */ = {
			isa = PBXGroup;
			children = (
				1D6058910D05DD3D006BFB54 /* HelloWord-mobile.app */,
				5087E76F17EB910900C73F5D /* HelloWord-desktop.app */,
			);
			name = Products;
			sourceTree = "<group>";
		};
		1AC6FAE6180E9839004C840B /* Products */ = {
			isa = PBXGroup;
			children = (
				1AC6FAF9180E9839004C840B /* libcocos2d Mac.a */,
				1AC6FB07180E9839004C840B /* libcocos2d iOS.a */,
				1A7533E31F6F75F6007E8E6F /* libcocos2d tvOS.a */,
			);
			name = Products;
			sourceTree = "<group>";
		};
		1AF87B461F6F77D6007BE51C /* ios */ = {
			isa = PBXGroup;
			children = (
				1A88B2631FC3D9C9005C14AE /* Images.xcassets */,
				1AF87B471F6F77D6007BE51C /* AppController.h */,
				1AF87B481F6F77D6007BE51C /* AppController.mm */,
				1AF87B581F6F77D6007BE51C /* Info.plist */,
				1AF87B591F6F77D6007BE51C /* LaunchScreen.storyboard */,
				1AF87B5A1F6F77D6007BE51C /* LaunchScreenBackground.png */,
				1AF87B5B1F6F77D6007BE51C /* main.m */,
				1AF87B5C1F6F77D6007BE51C /* Prefix.pch */,
				1AF87B5D1F6F77D6007BE51C /* RootViewController.h */,
				1AF87B5E1F6F77D6007BE51C /* RootViewController.mm */,
			);
			path = ios;
			sourceTree = "<group>";
		};
		29B97314FDCFA39411CA2CEA /* CustomTemplate */ = {
			isa = PBXGroup;
			children = (
				B746DDD02B3A706A00428967 /* Classes */,
				46880B7519C43A67006E1F66 /* Resources */,
				1AC6FAE5180E9839004C840B /* cocos2d_libs.xcodeproj */,
				29B97323FDCFA39411CA2CEA /* Frameworks */,
				1AF87B461F6F77D6007BE51C /* ios */,
				503AE10617EB990700D1A890 /* mac */,
				19C28FACFE9D520D11CA2CBB /* Products */,
			);
			name = CustomTemplate;
			sourceTree = "<group>";
		};
		29B97323FDCFA39411CA2CEA /* Frameworks */ = {
			isa = PBXGroup;
			children = (
				294D0D631D0D56D500F7F5D4 /* CoreText.framework */,
				ED545A7D1B68A1FA00C3958E /* libiconv.dylib */,
				ED545A7B1B68A1F400C3958E /* libiconv.dylib */,
				8262943D1AAF051F00CB7CF7 /* Security.framework */,
				52B47A461A53D09B004E4C60 /* Security.framework */,
				D6B0611A1803AB670077942B /* CoreMotion.framework */,
				503AE11A17EB9C5A00D1A890 /* IOKit.framework */,
				503AE11117EB99EE00D1A890 /* libcurl.dylib */,
				5087E78A17EB975400C73F5D /* OpenGL.framework */,
				5087E78817EB974C00C73F5D /* AppKit.framework */,
				1ACB3243164770DE00914215 /* libcurl.a */,
				BF170DB412928DE900B8313A /* libz.dylib */,
				D44C620F132DFF4E0009C878 /* AudioToolbox.framework */,
				D44C620D132DFF430009C878 /* AVFoundation.framework */,
				288765A40DF7441C002DB57D /* CoreGraphics.framework */,
				1D30AB110D05D00D00671497 /* Foundation.framework */,
				D44C620B132DFF330009C878 /* OpenAL.framework */,
				BF170DB012928DE900B8313A /* OpenGLES.framework */,
				BF1C47EA1293683800B63C5D /* QuartzCore.framework */,
				1DF5F4DF0D08C38300B7A737 /* UIKit.framework */,
			);
			name = Frameworks;
			sourceTree = "<group>";
		};
		46880B7519C43A67006E1F66 /* Resources */ = {
			isa = PBXGroup;
			children = (
				30C324D62AEC21CD007D4736 /* fonts */,
				30C324D72AEC21CD007D4736 /* res */,
			);
			name = Resources;
			path = ../Resources;
			sourceTree = "<group>";
		};
		503AE0F517EB97AB00D1A890 /* Icons */ = {
			isa = PBXGroup;
			children = (
				503AE0F617EB97AB00D1A890 /* Icon.icns */,
				503AE0F717EB97AB00D1A890 /* Info.plist */,
			);
			name = Icons;
			path = mac;
			sourceTree = SOURCE_ROOT;
		};
		503AE10617EB990700D1A890 /* mac */ = {
			isa = PBXGroup;
			children = (
				503AE0F517EB97AB00D1A890 /* Icons */,
				503AE10317EB98FF00D1A890 /* main.cpp */,
				503AE10417EB98FF00D1A890 /* Prefix.pch */,
			);
			name = mac;
			sourceTree = "<group>";
		};
		B72634082BA3015600FF99A9 /* effect */ = {
			isa = PBXGroup;
			children = (
				B73C6AC42BC52CAF00F263DD /* ripple */,
				B72634092BA3015600FF99A9 /* tail */,
				B726340C2BA3015600FF99A9 /* common */,
			);
			path = effect;
			sourceTree = "<group>";
		};
		B72634092BA3015600FF99A9 /* tail */ = {
			isa = PBXGroup;
			children = (
				B726340A2BA3015600FF99A9 /* ensTailNode.cpp */,
				B726340B2BA3015600FF99A9 /* ensTailNode.h */,
			);
			path = tail;
			sourceTree = "<group>";
		};
		B726340C2BA3015600FF99A9 /* common */ = {
			isa = PBXGroup;
			children = (
				B726340D2BA3015600FF99A9 /* ensIndexVBO.h */,
				B726340E2BA3015600FF99A9 /* ensMesh.h */,
				B726340F2BA3015600FF99A9 /* ensMath.cpp */,
				B72634102BA3015600FF99A9 /* ensDefine.cpp */,
				B72634112BA3015600FF99A9 /* ensDefine.h */,
				B72634122BA3015600FF99A9 /* ensFunc.cpp */,
				B72634132BA3015600FF99A9 /* ensIndexVBO.cpp */,
				B72634142BA3015600FF99A9 /* ensMesh.cpp */,
				B72634152BA3015600FF99A9 /* ensGLProgramWithUnifos.cpp */,
				B72634162BA3015600FF99A9 /* ensFunc.h */,
				B72634172BA3015600FF99A9 /* ensSimpleClasses.h */,
				B72634182BA3015600FF99A9 /* ensGLProgramWithUnifos.h */,
				B72634192BA3015600FF99A9 /* ensSimpleClasses.cpp */,
				B726341A2BA3015600FF99A9 /* ensMath.h */,
				B726341B2BA3015600FF99A9 /* ensCommon.h */,
			);
			path = common;
			sourceTree = "<group>";
		};
		B73C6AC42BC52CAF00F263DD /* ripple */ = {
			isa = PBXGroup;
			children = (
				B73C6AC62BC52CC800F263DD /* ensRippleNode.cpp */,
				B73C6AC72BC52CC800F263DD /* ensRippleNode.h */,
			);
			path = ripple;
			sourceTree = "<group>";
		};
		B746DDD02B3A706A00428967 /* Classes */ = {
			isa = PBXGroup;
			children = (
				B72634082BA3015600FF99A9 /* effect */,
				B746DDD12B3A706A00428967 /* ui */,
				B746DDEA2B3A706A00428967 /* AppDelegate.h */,
				B746DDEB2B3A706A00428967 /* BPdefinition.h */,
				B746DDF32B3A706A00428967 /* AppDelegate.cpp */,
				B746DDF42B3A706A00428967 /* lib */,
				B746DDF62B3A706A00428967 /* helper */,
			);
			name = Classes;
			path = ../Classes;
			sourceTree = "<group>";
		};
		B746DDD12B3A706A00428967 /* ui */ = {
			isa = PBXGroup;
			children = (
				B746DDD22B3A706A00428967 /* layer */,
				B746DDE52B3A706A00428967 /* scene */,
			);
			path = ui;
			sourceTree = "<group>";
		};
		B746DDD22B3A706A00428967 /* layer */ = {
			isa = PBXGroup;
			children = (
				B74AABC92BCCC68E00061324 /* BPResetLayer.cpp */,
				B74AABCA2BCCC68E00061324 /* BPResetLayer.h */,
				B74AABC72BCCC5DC00061324 /* BPChooseCharacter.cpp */,
				B74AABC62BCCC5DC00061324 /* BPChooseCharacter.h */,
				B746DDD62B3A706A00428967 /* BPChooseWorld.h */,
				B746DDD32B3A706A00428967 /* BPChooseWorld.cpp */,
				B746DDD42B3A706A00428967 /* WaitingLayer.h */,
				B746DDD72B3A706A00428967 /* WaitingLayer.cpp */,
				B746DDE02B3A706A00428967 /* BPLeaderboardLayer.h */,
				B746DDDB2B3A706A00428967 /* BPLeaderboardLayer.cpp */,
				B746DDDA2B3A706A00428967 /* BPEndLayer.hpp */,
				B746DDE12B3A706A00428967 /* BPEndLayer.cpp */,
			);
			path = layer;
			sourceTree = "<group>";
		};
		B746DDE52B3A706A00428967 /* scene */ = {
			isa = PBXGroup;
			children = (
				B746DDE92B3A706A00428967 /* SFGameScene.h */,
				B746DDE62B3A706A00428967 /* SFGameScene.cpp */,
				B746DDE72B3A706A00428967 /* BPMainMenuScene.h */,
				B746DDE82B3A706A00428967 /* BPMainMenuScene.cpp */,
			);
			path = scene;
			sourceTree = "<group>";
		};
		B746DDF42B3A706A00428967 /* lib */ = {
			isa = PBXGroup;
			children = (
				B746DDF52B3A706A00428967 /* BaseSingleton.h */,
			);
			path = lib;
			sourceTree = "<group>";
		};
		B746DDF62B3A706A00428967 /* helper */ = {
			isa = PBXGroup;
			children = (
				B746DDEF2B3A706A00428967 /* BPGameManager.cpp */,
				B746DDF02B3A706A00428967 /* BPGameManager.h */,
				B746DDF72B3A706A00428967 /* BPSoundManager.cpp */,
				B746DDF82B3A706A00428967 /* BPHelperManager.h */,
				B746DDF92B3A706A00428967 /* BPAnimationManager.cpp */,
				B746DDFA2B3A706A00428967 /* BPSoundManager.h */,
				B746DDFB2B3A706A00428967 /* BPAnimationManager.h */,
				B746DDFC2B3A706A00428967 /* BPHelperManager.cpp */,
			);
			path = helper;
			sourceTree = "<group>";
		};
/* End PBXGroup section */

/* Begin PBXNativeTarget section */
		1D6058900D05DD3D006BFB54 /* HelloWord-mobile */ = {
			isa = PBXNativeTarget;
			buildConfigurationList = 1D6058960D05DD3E006BFB54 /* Build configuration list for PBXNativeTarget "HelloWord-mobile" */;
			buildPhases = (
				1D60588D0D05DD3D006BFB54 /* Resources */,
				1D60588E0D05DD3D006BFB54 /* Sources */,
				1D60588F0D05DD3D006BFB54 /* Frameworks */,
			);
			buildRules = (
			);
			dependencies = (
				1AC6FB25180E99E1004C840B /* PBXTargetDependency */,
			);
			name = "HelloWord-mobile";
			productName = iphone;
			productReference = 1D6058910D05DD3D006BFB54 /* HelloWord-mobile.app */;
			productType = "com.apple.product-type.application";
		};
		5087E73D17EB910900C73F5D /* HelloWord-desktop */ = {
			isa = PBXNativeTarget;
			buildConfigurationList = 5087E76C17EB910900C73F5D /* Build configuration list for PBXNativeTarget "HelloWord-desktop" */;
			buildPhases = (
				5087E74817EB910900C73F5D /* Resources */,
				5087E75617EB910900C73F5D /* Sources */,
				5087E75C17EB910900C73F5D /* Frameworks */,
			);
			buildRules = (
			);
			dependencies = (
				1AC6FB16180E9959004C840B /* PBXTargetDependency */,
			);
			name = "HelloWord-desktop";
			productName = iphone;
			productReference = 5087E76F17EB910900C73F5D /* HelloWord-desktop.app */;
			productType = "com.apple.product-type.application";
		};
/* End PBXNativeTarget section */

/* Begin PBXProject section */
		29B97313FDCFA39411CA2CEA /* Project object */ = {
			isa = PBXProject;
			attributes = {
				LastUpgradeCheck = 0500;
				TargetAttributes = {
					1D6058900D05DD3D006BFB54 = {
						DevelopmentTeam = YANC32HQG4;
					};
					5087E73D17EB910900C73F5D = {
						DevelopmentTeam = YANC32HQG4;
						ProvisioningStyle = Automatic;
					};
				};
			};
			buildConfigurationList = C01FCF4E08A954540054247B /* Build configuration list for PBXProject "HelloWord" */;
			compatibilityVersion = "Xcode 3.2";
			developmentRegion = English;
			hasScannedForEncodings = 1;
			knownRegions = (
				English,
				Japanese,
				French,
				German,
			);
			mainGroup = 29B97314FDCFA39411CA2CEA /* CustomTemplate */;
			projectDirPath = "";
			projectReferences = (
				{
					ProductGroup = 1AC6FAE6180E9839004C840B /* Products */;
					ProjectRef = 1AC6FAE5180E9839004C840B /* cocos2d_libs.xcodeproj */;
				},
			);
			projectRoot = "";
			targets = (
				1D6058900D05DD3D006BFB54 /* HelloWord-mobile */,
				5087E73D17EB910900C73F5D /* HelloWord-desktop */,
			);
		};
/* End PBXProject section */

/* Begin PBXReferenceProxy section */
		1A7533E31F6F75F6007E8E6F /* libcocos2d tvOS.a */ = {
			isa = PBXReferenceProxy;
			fileType = archive.ar;
			path = "libcocos2d tvOS.a";
			remoteRef = 1A7533E21F6F75F6007E8E6F /* PBXContainerItemProxy */;
			sourceTree = BUILT_PRODUCTS_DIR;
		};
		1AC6FAF9180E9839004C840B /* libcocos2d Mac.a */ = {
			isa = PBXReferenceProxy;
			fileType = archive.ar;
			path = "libcocos2d Mac.a";
			remoteRef = 1AC6FAF8180E9839004C840B /* PBXContainerItemProxy */;
			sourceTree = BUILT_PRODUCTS_DIR;
		};
		1AC6FB07180E9839004C840B /* libcocos2d iOS.a */ = {
			isa = PBXReferenceProxy;
			fileType = archive.ar;
			path = "libcocos2d iOS.a";
			remoteRef = 1AC6FB06180E9839004C840B /* PBXContainerItemProxy */;
			sourceTree = BUILT_PRODUCTS_DIR;
		};
/* End PBXReferenceProxy section */

/* Begin PBXResourcesBuildPhase section */
		1D60588D0D05DD3D006BFB54 /* Resources */ = {
			isa = PBXResourcesBuildPhase;
			buildActionMask = 2147483647;
			files = (
				1A88B2641FC3D9C9005C14AE /* Images.xcassets in Resources */,
				1AF87B891F6F781D007BE51C /* LaunchScreenBackground.png in Resources */,
				1AF87B881F6F781D007BE51C /* LaunchScreen.storyboard in Resources */,
				30C324D92AEC21CD007D4736 /* res in Resources */,
				30C324D82AEC21CD007D4736 /* fonts in Resources */,
			);
			runOnlyForDeploymentPostprocessing = 0;
		};
		5087E74817EB910900C73F5D /* Resources */ = {
			isa = PBXResourcesBuildPhase;
			buildActionMask = 2147483647;
			files = (
				503AE0F817EB97AB00D1A890 /* Icon.icns in Resources */,
			);
			runOnlyForDeploymentPostprocessing = 0;
		};
/* End PBXResourcesBuildPhase section */

/* Begin PBXSourcesBuildPhase section */
		1D60588E0D05DD3D006BFB54 /* Sources */ = {
			isa = PBXSourcesBuildPhase;
			buildActionMask = 2147483647;
			files = (
				1AF87B781F6F77F7007BE51C /* AppController.mm in Sources */,
				B746DDFD2B3A706A00428967 /* BPChooseWorld.cpp in Sources */,
				B746DE192B3A706A00428967 /* AppDelegate.cpp in Sources */,
				B74AABCB2BCCC68E00061324 /* BPResetLayer.cpp in Sources */,
				B746DE132B3A706A00428967 /* BPGameManager.cpp in Sources */,
				B74AABC82BCCC5DC00061324 /* BPChooseCharacter.cpp in Sources */,
				B746DE1D2B3A706A00428967 /* BPAnimationManager.cpp in Sources */,
				B746DE112B3A706A00428967 /* BPMainMenuScene.cpp in Sources */,
				B746DE092B3A706A00428967 /* BPEndLayer.cpp in Sources */,
				B746DE052B3A706A00428967 /* BPLeaderboardLayer.cpp in Sources */,
				1AF87B8B1F6F782A007BE51C /* RootViewController.mm in Sources */,
				B746DE012B3A706A00428967 /* WaitingLayer.cpp in Sources */,
				B726341C2BA3015600FF99A9 /* ensTailNode.cpp in Sources */,
				B72634202BA3015600FF99A9 /* ensIndexVBO.cpp in Sources */,
				B746DE0F2B3A706A00428967 /* SFGameScene.cpp in Sources */,
				B726341D2BA3015600FF99A9 /* ensMath.cpp in Sources */,
				B72634222BA3015600FF99A9 /* ensGLProgramWithUnifos.cpp in Sources */,
				B72634212BA3015600FF99A9 /* ensMesh.cpp in Sources */,
				B73C6AC82BC52CC800F263DD /* ensRippleNode.cpp in Sources */,
				B726341F2BA3015600FF99A9 /* ensFunc.cpp in Sources */,
				B746DE1F2B3A706A00428967 /* BPHelperManager.cpp in Sources */,
				1AF87B8A1F6F7822007BE51C /* main.m in Sources */,
				B72634232BA3015600FF99A9 /* ensSimpleClasses.cpp in Sources */,
				B746DE1B2B3A706A00428967 /* BPSoundManager.cpp in Sources */,
				B726341E2BA3015600FF99A9 /* ensDefine.cpp in Sources */,
			);
			runOnlyForDeploymentPostprocessing = 0;
		};
		5087E75617EB910900C73F5D /* Sources */ = {
			isa = PBXSourcesBuildPhase;
			buildActionMask = 2147483647;
			files = (
				B746DE1E2B3A706A00428967 /* BPAnimationManager.cpp in Sources */,
				B746DE062B3A706A00428967 /* BPLeaderboardLayer.cpp in Sources */,
				B746DE202B3A706A00428967 /* BPHelperManager.cpp in Sources */,
				B746DE102B3A706A00428967 /* SFGameScene.cpp in Sources */,
				B746DE122B3A706A00428967 /* BPMainMenuScene.cpp in Sources */,
				503AE10517EB98FF00D1A890 /* main.cpp in Sources */,
				B746DE0A2B3A706A00428967 /* BPEndLayer.cpp in Sources */,
				B746DE1C2B3A706A00428967 /* BPSoundManager.cpp in Sources */,
				B746DE022B3A706A00428967 /* WaitingLayer.cpp in Sources */,
				B746DDFE2B3A706A00428967 /* BPChooseWorld.cpp in Sources */,
				B746DE1A2B3A706A00428967 /* AppDelegate.cpp in Sources */,
				B746DE142B3A706A00428967 /* BPGameManager.cpp in Sources */,
			);
			runOnlyForDeploymentPostprocessing = 0;
		};
/* End PBXSourcesBuildPhase section */

/* Begin PBXTargetDependency section */
		1AC6FB16180E9959004C840B /* PBXTargetDependency */ = {
			isa = PBXTargetDependency;
			name = "cocos2dx Mac";
			targetProxy = 1AC6FB15180E9959004C840B /* PBXContainerItemProxy */;
		};
		1AC6FB25180E99E1004C840B /* PBXTargetDependency */ = {
			isa = PBXTargetDependency;
			name = "cocos2dx iOS";
			targetProxy = 1AC6FB24180E99E1004C840B /* PBXContainerItemProxy */;
		};
/* End PBXTargetDependency section */

/* Begin XCBuildConfiguration section */
		1D6058940D05DD3E006BFB54 /* Debug */ = {
			isa = XCBuildConfiguration;
			buildSettings = {
				ALWAYS_SEARCH_USER_PATHS = YES;
				ASSETCATALOG_COMPILER_APPICON_NAME = AppIcon;
				CODE_SIGN_IDENTITY = "iPhone Developer";
				COMPRESS_PNG_FILES = NO;
				CURRENT_PROJECT_VERSION = 1;
				DEVELOPMENT_TEAM = YANC32HQG4;
				ENABLE_BITCODE = NO;
				GCC_DYNAMIC_NO_PIC = NO;
				GCC_INLINES_ARE_PRIVATE_EXTERN = NO;
				GCC_PRECOMPILE_PREFIX_HEADER = YES;
				GCC_PREFIX_HEADER = ios/Prefix.pch;
				GCC_PREPROCESSOR_DEFINITIONS = (
					USE_FILE32API,
					"COCOS2D_DEBUG=1",
					"CC_ENABLE_CHIPMUNK_INTEGRATION=1",
				);
				GCC_SYMBOLS_PRIVATE_EXTERN = NO;
				HEADER_SEARCH_PATHS = "$(inherited)";
				INFOPLIST_FILE = ios/Info.plist;
				INFOPLIST_KEY_CFBundleDisplayName = XXXX;
				INFOPLIST_KEY_LSApplicationCategoryType = "public.app-category.business";
				IPHONEOS_DEPLOYMENT_TARGET = 12.0;
				LIBRARY_SEARCH_PATHS = "";
				MARKETING_VERSION = 1;
				OTHER_LDFLAGS = (
					"$(_COCOS_LIB_IOS_BEGIN)",
					"$(_COCOS_LIB_IOS_END)",
				);
				SDKROOT = iphoneos;
				STRIP_PNG_TEXT = NO;
				TARGETED_DEVICE_FAMILY = "1,2";
				USER_HEADER_SEARCH_PATHS = "$(_COCOS_HEADER_IOS_BEGIN) $(_COCOS_HEADER_IOS_END)";
				VALID_ARCHS = "arm64 armv7";
			};
			name = Debug;
		};
		1D6058950D05DD3E006BFB54 /* Release */ = {
			isa = XCBuildConfiguration;
			buildSettings = {
				ALWAYS_SEARCH_USER_PATHS = YES;
				ASSETCATALOG_COMPILER_APPICON_NAME = AppIcon;
				CODE_SIGN_IDENTITY = "iPhone Developer";
				COMPRESS_PNG_FILES = NO;
				CURRENT_PROJECT_VERSION = 1;
				DEVELOPMENT_TEAM = YANC32HQG4;
				ENABLE_BITCODE = NO;
				GCC_INLINES_ARE_PRIVATE_EXTERN = NO;
				GCC_PRECOMPILE_PREFIX_HEADER = YES;
				GCC_PREFIX_HEADER = ios/Prefix.pch;
				GCC_PREPROCESSOR_DEFINITIONS = (
					USE_FILE32API,
					"CC_ENABLE_CHIPMUNK_INTEGRATION=1",
					NDEBUG,
				);
				GCC_SYMBOLS_PRIVATE_EXTERN = NO;
				HEADER_SEARCH_PATHS = "$(inherited)";
				INFOPLIST_FILE = ios/Info.plist;
				INFOPLIST_KEY_CFBundleDisplayName = XXXX;
				INFOPLIST_KEY_LSApplicationCategoryType = "public.app-category.business";
				IPHONEOS_DEPLOYMENT_TARGET = 12.0;
				LIBRARY_SEARCH_PATHS = "";
				MARKETING_VERSION = 1;
				OTHER_LDFLAGS = (
					"$(_COCOS_LIB_IOS_BEGIN)",
					"$(_COCOS_LIB_IOS_END)",
				);
				SDKROOT = iphoneos;
				STRIP_PNG_TEXT = NO;
				TARGETED_DEVICE_FAMILY = "1,2";
				USER_HEADER_SEARCH_PATHS = "$(_COCOS_HEADER_IOS_BEGIN) $(_COCOS_HEADER_IOS_END)";
				VALID_ARCHS = "arm64 armv7";
			};
			name = Release;
		};
		5087E76D17EB910900C73F5D /* Debug */ = {
			isa = XCBuildConfiguration;
			buildSettings = {
				ALWAYS_SEARCH_USER_PATHS = YES;
				ARCHS = "$(ARCHS_STANDARD_64_BIT)";
				CLANG_CXX_LANGUAGE_STANDARD = "c++0x";
				CLANG_CXX_LIBRARY = "libc++";
				CODE_SIGN_IDENTITY = "Apple Development";
				"CODE_SIGN_IDENTITY[sdk=macosx*]" = "Apple Development";
				CODE_SIGN_STYLE = Automatic;
				DEVELOPMENT_TEAM = YANC32HQG4;
				GCC_DYNAMIC_NO_PIC = NO;
				GCC_INLINES_ARE_PRIVATE_EXTERN = NO;
				GCC_PRECOMPILE_PREFIX_HEADER = YES;
				GCC_PREFIX_HEADER = mac/Prefix.pch;
				GCC_PREPROCESSOR_DEFINITIONS = (
					USE_FILE32API,
					"COCOS2D_DEBUG=1",
					"CC_ENABLE_CHIPMUNK_INTEGRATION=1",
				);
				GCC_SYMBOLS_PRIVATE_EXTERN = NO;
				HEADER_SEARCH_PATHS = (
					"$(inherited)",
					"$(SRCROOT)/../cocos2d/external/glfw3/include/mac",
				);
				INFOPLIST_FILE = mac/Info.plist;
				LIBRARY_SEARCH_PATHS = "";
				OTHER_LDFLAGS = (
					"$(_COCOS_LIB_MAC_BEGIN)",
					"$(_COCOS_LIB_MAC_END)",
				);
				PROVISIONING_PROFILE_SPECIFIER = "";
				USER_HEADER_SEARCH_PATHS = "$(_COCOS_HEADER_MAC_BEGIN) $(_COCOS_HEADER_MAC_END)";
			};
			name = Debug;
		};
		5087E76E17EB910900C73F5D /* Release */ = {
			isa = XCBuildConfiguration;
			buildSettings = {
				ALWAYS_SEARCH_USER_PATHS = YES;
				ARCHS = "$(ARCHS_STANDARD_64_BIT)";
				CLANG_CXX_LANGUAGE_STANDARD = "c++0x";
				CLANG_CXX_LIBRARY = "libc++";
				CODE_SIGN_IDENTITY = "Apple Development";
				"CODE_SIGN_IDENTITY[sdk=macosx*]" = "Apple Development";
				CODE_SIGN_STYLE = Automatic;
				DEVELOPMENT_TEAM = YANC32HQG4;
				GCC_INLINES_ARE_PRIVATE_EXTERN = NO;
				GCC_PRECOMPILE_PREFIX_HEADER = YES;
				GCC_PREFIX_HEADER = mac/Prefix.pch;
				GCC_PREPROCESSOR_DEFINITIONS = (
					USE_FILE32API,
					"CC_ENABLE_CHIPMUNK_INTEGRATION=1",
					NDEBUG,
				);
				GCC_SYMBOLS_PRIVATE_EXTERN = NO;
				HEADER_SEARCH_PATHS = (
					"$(inherited)",
					"$(SRCROOT)/../cocos2d/external/glfw3/include/mac",
				);
				INFOPLIST_FILE = mac/Info.plist;
				LIBRARY_SEARCH_PATHS = "";
				OTHER_LDFLAGS = (
					"$(_COCOS_LIB_MAC_BEGIN)",
					"$(_COCOS_LIB_MAC_END)",
				);
				PROVISIONING_PROFILE_SPECIFIER = "";
				USER_HEADER_SEARCH_PATHS = "$(_COCOS_HEADER_MAC_BEGIN) $(_COCOS_HEADER_MAC_END)";
			};
			name = Release;
		};
		C01FCF4F08A954540054247B /* Debug */ = {
			isa = XCBuildConfiguration;
			buildSettings = {
				CLANG_CXX_LANGUAGE_STANDARD = "c++0x";
				CLANG_CXX_LIBRARY = "libc++";
				COPY_PHASE_STRIP = NO;
				GCC_OPTIMIZATION_LEVEL = 0;
				GCC_WARN_ABOUT_RETURN_TYPE = YES;
				GCC_WARN_UNUSED_VARIABLE = YES;
				HEADER_SEARCH_PATHS = (
					"$(SRCROOT)/../cocos2d",
					"$(SRCROOT)/../cocos2d/cocos/audio/include",
					"$(SRCROOT)/../cocos2d/cocos",
					"$(SRCROOT)/../cocos2d/extensions",
					"$(SRCROOT)/../cocos2d/external",
					"$(SRCROOT)/../cocos2d/external/chipmunk/include/chipmunk",
					"$(SRCROOT)/../cocos2d/cocos/editor-support",
				);
				IPHONEOS_DEPLOYMENT_TARGET = 6.0;
				MACOSX_DEPLOYMENT_TARGET = 10.7;
				ONLY_ACTIVE_ARCH = YES;
				PRODUCT_NAME = "$(TARGET_NAME)";
				SDKROOT = macosx;
			};
			name = Debug;
		};
		C01FCF5008A954540054247B /* Release */ = {
			isa = XCBuildConfiguration;
			buildSettings = {
				CLANG_CXX_LANGUAGE_STANDARD = "c++0x";
				CLANG_CXX_LIBRARY = "libc++";
				GCC_WARN_ABOUT_RETURN_TYPE = YES;
				GCC_WARN_UNUSED_VARIABLE = YES;
				HEADER_SEARCH_PATHS = (
					"$(SRCROOT)/../cocos2d",
					"$(SRCROOT)/../cocos2d/cocos/audio/include",
					"$(SRCROOT)/../cocos2d/cocos",
					"$(SRCROOT)/../cocos2d/extensions",
					"$(SRCROOT)/../cocos2d/external",
					"$(SRCROOT)/../cocos2d/external/chipmunk/include/chipmunk",
					"$(SRCROOT)/../cocos2d/cocos/editor-support",
				);
				IPHONEOS_DEPLOYMENT_TARGET = 6.0;
				MACOSX_DEPLOYMENT_TARGET = 10.7;
				OTHER_CFLAGS = "-DNS_BLOCK_ASSERTIONS=1";
				PRODUCT_NAME = "$(TARGET_NAME)";
				SDKROOT = macosx;
				VALIDATE_PRODUCT = YES;
			};
			name = Release;
		};
/* End XCBuildConfiguration section */

/* Begin XCConfigurationList section */
		1D6058960D05DD3E006BFB54 /* Build configuration list for PBXNativeTarget "HelloWord-mobile" */ = {
			isa = XCConfigurationList;
			buildConfigurations = (
				1D6058940D05DD3E006BFB54 /* Debug */,
				1D6058950D05DD3E006BFB54 /* Release */,
			);
			defaultConfigurationIsVisible = 0;
			defaultConfigurationName = Debug;
		};
		5087E76C17EB910900C73F5D /* Build configuration list for PBXNativeTarget "HelloWord-desktop" */ = {
			isa = XCConfigurationList;
			buildConfigurations = (
				5087E76D17EB910900C73F5D /* Debug */,
				5087E76E17EB910900C73F5D /* Release */,
			);
			defaultConfigurationIsVisible = 0;
			defaultConfigurationName = Debug;
		};
		C01FCF4E08A954540054247B /* Build configuration list for PBXProject "HelloWord" */ = {
			isa = XCConfigurationList;
			buildConfigurations = (
				C01FCF4F08A954540054247B /* Debug */,
				C01FCF5008A954540054247B /* Release */,
			);
			defaultConfigurationIsVisible = 0;
			defaultConfigurationName = Debug;
		};
/* End XCConfigurationList section */
	};
	rootObject = 29B97313FDCFA39411CA2CEA /* Project object */;
}
